Microsoft Visual Studio Solution File, Format Version 12.00
# Visual Studio Version 17
VisualStudioVersion = 17.8.0.0
MinimumVisualStudioVersion = 17.8.0.0
Project("{9A19103F-16F7-4668-BE54-9A1E7A4F7556}") = "Softools.AppHost", "Softools.AppHost\Softools.AppHost.csproj", "{6FA5B4C9-79BD-45B0-AA01-5F797C8F9318}"
EndProject
Project("{9A19103F-16F7-4668-BE54-9A1E7A4F7556}") = "Softools.ServiceDefaults", "Softools.ServiceDefaults\Softools.ServiceDefaults.csproj", "{6B2C5B1A-4702-4D3B-BE30-4EA13BDA86C3}"
EndProject
Project("{FAE04EC0-301F-11D3-BF4B-00C04F79EFBC}") = "Softools.Projetos", "Softools.Projetos\Softools.Projetos.csproj", "{89EFBA9D-20F3-457F-9F3F-A3E2F005EEA9}"
EndProject
Project("{FAE04EC0-301F-11D3-BF4B-00C04F79EFBC}") = "Softools.Gateway", "Softools.Gateway\Softools.Gateway.csproj", "{A83289FB-D7F4-4C94-9B1B-B5A3827A168F}"
EndProject
Project("{FAE04EC0-301F-11D3-BF4B-00C04F79EFBC}") = "Softools.Usuarios", "Softools.Usuarios\Softools.Usuarios.csproj", "{2A793CA5-BE2C-4A42-8906-1AE7EE2623C5}"
EndProject
Project("{FAE04EC0-301F-11D3-BF4B-00C04F79EFBC}") = "Softools.Auth", "Softools.Auth\Softools.Auth.csproj", "{6345B4D5-93D9-42CB-9984-5B8FB575AFB3}"
EndProject
Project("{FAE04EC0-301F-11D3-BF4B-00C04F79EFBC}") = "Softools.Documentos", "Softools.Documentos\Softools.Documentos.csproj", "{15792597-EF62-4780-B2A0-11E059E3D21B}"
EndProject
Global
	GlobalSection(SolutionConfigurationPlatforms) = preSolution
		Debug|Any CPU = Debug|Any CPU
		Release|Any CPU = Release|Any CPU
	EndGlobalSection
	GlobalSection(ProjectConfigurationPlatforms) = postSolution
		{6FA5B4C9-79BD-45B0-AA01-5F797C8F9318}.Debug|Any CPU.ActiveCfg = Debug|Any CPU
		{6FA5B4C9-79BD-45B0-AA01-5F797C8F9318}.Debug|Any CPU.Build.0 = Debug|Any CPU
		{6FA5B4C9-79BD-45B0-AA01-5F797C8F9318}.Release|Any CPU.ActiveCfg = Release|Any CPU
		{6FA5B4C9-79BD-45B0-AA01-5F797C8F9318}.Release|Any CPU.Build.0 = Release|Any CPU
		{6B2C5B1A-4702-4D3B-BE30-4EA13BDA86C3}.Debug|Any CPU.ActiveCfg = Debug|Any CPU
		{6B2C5B1A-4702-4D3B-BE30-4EA13BDA86C3}.Debug|Any CPU.Build.0 = Debug|Any CPU
		{6B2C5B1A-4702-4D3B-BE30-4EA13BDA86C3}.Release|Any CPU.ActiveCfg = Release|Any CPU
		{6B2C5B1A-4702-4D3B-BE30-4EA13BDA86C3}.Release|Any CPU.Build.0 = Release|Any CPU
		{89EFBA9D-20F3-457F-9F3F-A3E2F005EEA9}.Debug|Any CPU.ActiveCfg = Debug|Any CPU
		{89EFBA9D-20F3-457F-9F3F-A3E2F005EEA9}.Debug|Any CPU.Build.0 = Debug|Any CPU
		{89EFBA9D-20F3-457F-9F3F-A3E2F005EEA9}.Release|Any CPU.ActiveCfg = Release|Any CPU
		{89EFBA9D-20F3-457F-9F3F-A3E2F005EEA9}.Release|Any CPU.Build.0 = Release|Any CPU
		{A83289FB-D7F4-4C94-9B1B-B5A3827A168F}.Debug|Any CPU.ActiveCfg = Debug|Any CPU
		{A83289FB-D7F4-4C94-9B1B-B5A3827A168F}.Debug|Any CPU.Build.0 = Debug|Any CPU
		{A83289FB-D7F4-4C94-9B1B-B5A3827A168F}.Release|Any CPU.ActiveCfg = Release|Any CPU
		{A83289FB-D7F4-4C94-9B1B-B5A3827A168F}.Release|Any CPU.Build.0 = Release|Any CPU
		{2A793CA5-BE2C-4A42-8906-1AE7EE2623C5}.Debug|Any CPU.ActiveCfg = Debug|Any CPU
		{2A793CA5-BE2C-4A42-8906-1AE7EE2623C5}.Debug|Any CPU.Build.0 = Debug|Any CPU
		{2A793CA5-BE2C-4A42-8906-1AE7EE2623C5}.Release|Any CPU.ActiveCfg = Release|Any CPU
		{2A793CA5-BE2C-4A42-8906-1AE7EE2623C5}.Release|Any CPU.Build.0 = Release|Any CPU
		{6345B4D5-93D9-42CB-9984-5B8FB575AFB3}.Debug|Any CPU.ActiveCfg = Debug|Any CPU
		{6345B4D5-93D9-42CB-9984-5B8FB575AFB3}.Debug|Any CPU.Build.0 = Debug|Any CPU
		{6345B4D5-93D9-42CB-9984-5B8FB575AFB3}.Release|Any CPU.ActiveCfg = Release|Any CPU
		{6345B4D5-93D9-42CB-9984-5B8FB575AFB3}.Release|Any CPU.Build.0 = Release|Any CPU
		{15792597-EF62-4780-B2A0-11E059E3D21B}.Debug|Any CPU.ActiveCfg = Debug|Any CPU
		{15792597-EF62-4780-B2A0-11E059E3D21B}.Debug|Any CPU.Build.0 = Debug|Any CPU
		{15792597-EF62-4780-B2A0-11E059E3D21B}.Release|Any CPU.ActiveCfg = Release|Any CPU
		{15792597-EF62-4780-B2A0-11E059E3D21B}.Release|Any CPU.Build.0 = Release|Any CPU
	EndGlobalSection
	GlobalSection(SolutionProperties) = preSolution
		HideSolutionNode = FALSE
	EndGlobalSection
	GlobalSection(ExtensibilityGlobals) = postSolution
		SolutionGuid = {FA37F005-C5FD-4770-B7D8-AF9B79FEA63D}
	EndGlobalSection
EndGlobal
